github.com/gorilla/mux v1.7.2 h1:zoNxOV7WjqXptQOVngLmcSQgXmgk4NMz1HibBchjl/I=
github.com/gorilla/mux v1.7.2/go.mod h1:1lud6UwP+6orDFRuTfBEV8e9/aOM/c4fVVCaMa2zaAs=
github.com/kevingentile/fortnite-tracker v1.0.0 h1:QE93khOMSckMyKjpgz9H/6xfe8g1NV6OEa0wqrjo+yc=
github.com/kevingentile/fortnite-tracker v1.0.0/go.mod h1:MhkXmTUVuQDZnlZNanlz7tYlguZAOwhe9Vwkn1IwJrE=
